
Microsoft Visual Studio Solution File, Format Version 12.00
# Visual Studio Version 17
VisualStudioVersion = 17.7.34024.191
MinimumVisualStudioVersion = 10.0.40219.1
Project("{9A19103F-16F7-4668-BE54-9A1E7A4F7556}") = "PixelRetros_new", "PixelRetros_new.csproj", "{A0DD0A0E-E9CE-4BD6-80B4-22C1704F550C}"
EndProject
Project("{9A19103F-16F7-4668-BE54-9A1E7A4F7556}") = "TestDataGenerator", "..\TestDataGenerator\TestDataGenerator.csproj", "{28BEFBB8-F72D-4A6C-BBE4-D771D282D945}"
EndProject
Global
	GlobalSection(SolutionConfigurationPlatforms) = preSolution
		Debug|Any CPU = Debug|Any CPU
		Release|Any CPU = Release|Any CPU
	EndGlobalSection
	GlobalSection(ProjectConfigurationPlatforms) = postSolution
		{A0DD0A0E-E9CE-4BD6-80B4-22C1704F550C}.Debug|Any CPU.ActiveCfg = Debug|Any CPU
		{A0DD0A0E-E9CE-4BD6-80B4-22C1704F550C}.Debug|Any CPU.Build.0 = Debug|Any CPU
		{A0DD0A0E-E9CE-4BD6-80B4-22C1704F550C}.Release|Any CPU.ActiveCfg = Release|Any CPU
		{A0DD0A0E-E9CE-4BD6-80B4-22C1704F550C}.Release|Any CPU.Build.0 = Release|Any CPU
		{28BEFBB8-F72D-4A6C-BBE4-D771D282D945}.Debug|Any CPU.ActiveCfg = Debug|Any CPU
		{28BEFBB8-F72D-4A6C-BBE4-D771D282D945}.Debug|Any CPU.Build.0 = Debug|Any CPU
		{28BEFBB8-F72D-4A6C-BBE4-D771D282D945}.Release|Any CPU.ActiveCfg = Release|Any CPU
		{28BEFBB8-F72D-4A6C-BBE4-D771D282D945}.Release|Any CPU.Build.0 = Release|Any CPU
	EndGlobalSection
	GlobalSection(SolutionProperties) = preSolution
		HideSolutionNode = FALSE
	EndGlobalSection
	GlobalSection(ExtensibilityGlobals) = postSolution
		SolutionGuid = {B329C54F-9874-471C-9DDC-EFE58C23C7C3}
	EndGlobalSection
EndGlobal
