
Microsoft Visual Studio Solution File, Format Version 12.00
# Visual Studio Version 17
VisualStudioVersion = 17.8.34316.72
MinimumVisualStudioVersion = 10.0.40219.1
Project("{FAE04EC0-301F-11D3-BF4B-00C04F79EFBC}") = "Main", "Main\Main.csproj", "{91ABDF00-5D54-4497-981B-6E7D90FA9879}"
EndProject
Project("{FAE04EC0-301F-11D3-BF4B-00C04F79EFBC}") = "UnitTests", "UnitTests\UnitTests.csproj", "{15928DE3-6DB8-45CE-8247-F93B69D5FBEC}"
EndProject
Project("{FAE04EC0-301F-11D3-BF4B-00C04F79EFBC}") = "TestDataGenerator", "TestDataGenerator\TestDataGenerator.csproj", "{187379DC-FD7A-4884-ADF6-C89357EEB9FF}"
EndProject
Project("{FAE04EC0-301F-11D3-BF4B-00C04F79EFBC}") = "Sorting", "Sorting\Sorting.csproj", "{E7D5925E-119B-429C-B853-F161B57177B3}"
EndProject
Global
	GlobalSection(SolutionConfigurationPlatforms) = preSolution
		Debug|Any CPU = Debug|Any CPU
		Release|Any CPU = Release|Any CPU
	EndGlobalSection
	GlobalSection(ProjectConfigurationPlatforms) = postSolution
		{91ABDF00-5D54-4497-981B-6E7D90FA9879}.Debug|Any CPU.ActiveCfg = Debug|Any CPU
		{91ABDF00-5D54-4497-981B-6E7D90FA9879}.Debug|Any CPU.Build.0 = Debug|Any CPU
		{91ABDF00-5D54-4497-981B-6E7D90FA9879}.Release|Any CPU.ActiveCfg = Release|Any CPU
		{91ABDF00-5D54-4497-981B-6E7D90FA9879}.Release|Any CPU.Build.0 = Release|Any CPU
		{15928DE3-6DB8-45CE-8247-F93B69D5FBEC}.Debug|Any CPU.ActiveCfg = Debug|Any CPU
		{15928DE3-6DB8-45CE-8247-F93B69D5FBEC}.Debug|Any CPU.Build.0 = Debug|Any CPU
		{15928DE3-6DB8-45CE-8247-F93B69D5FBEC}.Release|Any CPU.ActiveCfg = Release|Any CPU
		{15928DE3-6DB8-45CE-8247-F93B69D5FBEC}.Release|Any CPU.Build.0 = Release|Any CPU
		{187379DC-FD7A-4884-ADF6-C89357EEB9FF}.Debug|Any CPU.ActiveCfg = Debug|Any CPU
		{187379DC-FD7A-4884-ADF6-C89357EEB9FF}.Debug|Any CPU.Build.0 = Debug|Any CPU
		{187379DC-FD7A-4884-ADF6-C89357EEB9FF}.Release|Any CPU.ActiveCfg = Release|Any CPU
		{187379DC-FD7A-4884-ADF6-C89357EEB9FF}.Release|Any CPU.Build.0 = Release|Any CPU
		{E7D5925E-119B-429C-B853-F161B57177B3}.Debug|Any CPU.ActiveCfg = Debug|Any CPU
		{E7D5925E-119B-429C-B853-F161B57177B3}.Debug|Any CPU.Build.0 = Debug|Any CPU
		{E7D5925E-119B-429C-B853-F161B57177B3}.Release|Any CPU.ActiveCfg = Release|Any CPU
		{E7D5925E-119B-429C-B853-F161B57177B3}.Release|Any CPU.Build.0 = Release|Any CPU
	EndGlobalSection
	GlobalSection(SolutionProperties) = preSolution
		HideSolutionNode = FALSE
	EndGlobalSection
	GlobalSection(ExtensibilityGlobals) = postSolution
		SolutionGuid = {82EA45FB-AAB1-4674-A8DA-C9821AF4A48C}
	EndGlobalSection
EndGlobal
